
Microsoft Visual Studio Solution File, Format Version 12.00
# Visual Studio Version 17
VisualStudioVersion = 17.5.33424.131
MinimumVisualStudioVersion = 10.0.40219.1
Project("{FAE04EC0-301F-11D3-BF4B-00C04F79EFBC}") = "MvcCoreSenderAWSSQS", "MvcCoreSenderAWSSQS\MvcCoreSenderAWSSQS.csproj", "{398D98D6-C16E-4343-9DC7-F9219E9B44C4}"
EndProject
Global
	GlobalSection(SolutionConfigurationPlatforms) = preSolution
		Debug|Any CPU = Debug|Any CPU
		Release|Any CPU = Release|Any CPU
	EndGlobalSection
	GlobalSection(ProjectConfigurationPlatforms) = postSolution
		{398D98D6-C16E-4343-9DC7-F9219E9B44C4}.Debug|Any CPU.ActiveCfg = Debug|Any CPU
		{398D98D6-C16E-4343-9DC7-F9219E9B44C4}.Debug|Any CPU.Build.0 = Debug|Any CPU
		{398D98D6-C16E-4343-9DC7-F9219E9B44C4}.Release|Any CPU.ActiveCfg = Release|Any CPU
		{398D98D6-C16E-4343-9DC7-F9219E9B44C4}.Release|Any CPU.Build.0 = Release|Any CPU
	EndGlobalSection
	GlobalSection(SolutionProperties) = preSolution
		HideSolutionNode = FALSE
	EndGlobalSection
	GlobalSection(ExtensibilityGlobals) = postSolution
		SolutionGuid = {023EBA3B-9229-43CD-9170-587DFBE14C1E}
	EndGlobalSection
EndGlobal
